<?xml version="1.0" encoding="utf-8"?>
<Project ToolsVersion="17.0" xmlns="http://schemas.microsoft.com/developer/msbuild/2003">
  <ItemGroup>
    <CustomBuild Include="C:\Users\dima2\source\repos\ClassicML\ClassicML\vcpkg-master\CMakeFiles\0b7a2c6ca97558937d73d9f7ca81ca90\generate.stamp.rule">
      <Filter>CMake Rules</Filter>
    </CustomBuild>
  </ItemGroup>
  <ItemGroup>
    <Filter Include="CMake Rules">
      <UniqueIdentifier>{F63FA47D-9FF0-315B-AA11-E77D7832CE15}</UniqueIdentifier>
    </Filter>
  </ItemGroup>
</Project>
